// !$*UTF8*$!
{
	archiveVersion = 1;
	classes = {
	};
	objectVersion = 46;
	objects = {

/* Begin PBXBuildFile section */
		6B27FD9C1BC8108400CF0CDA /* MainViewController.swift in Sources */ = {isa = PBXBuildFile; fileRef = 6B27FD9B1BC8108400CF0CDA /* MainViewController.swift */; settings = {ASSET_TAGS = (); }; };
		6B27FD9E1BC8122900CF0CDA /* AddHack.storyboard in Resources */ = {isa = PBXBuildFile; fileRef = 6B27FD9D1BC8122900CF0CDA /* AddHack.storyboard */; settings = {ASSET_TAGS = (); }; };
		6B27FDA01BC8145900CF0CDA /* AddHackViewController.swift in Sources */ = {isa = PBXBuildFile; fileRef = 6B27FD9F1BC8145900CF0CDA /* AddHackViewController.swift */; settings = {ASSET_TAGS = (); }; };
		6B27FDA21BC8166E00CF0CDA /* HackInspector.storyboard in Resources */ = {isa = PBXBuildFile; fileRef = 6B27FDA11BC8166E00CF0CDA /* HackInspector.storyboard */; settings = {ASSET_TAGS = (); }; };
		6B27FDA41BC8169500CF0CDA /* HackInspectorViewController.swift in Sources */ = {isa = PBXBuildFile; fileRef = 6B27FDA31BC8169500CF0CDA /* HackInspectorViewController.swift */; settings = {ASSET_TAGS = (); }; };
		6B27FDA61BC81E7500CF0CDA /* StorageController.swift in Sources */ = {isa = PBXBuildFile; fileRef = 6B27FDA51BC81E7500CF0CDA /* StorageController.swift */; settings = {ASSET_TAGS = (); }; };
		6B27FDA81BC8439A00CF0CDA /* Extensions.swift in Sources */ = {isa = PBXBuildFile; fileRef = 6B27FDA71BC8439A00CF0CDA /* Extensions.swift */; settings = {ASSET_TAGS = (); }; };
		6B27FDAA1BC859EE00CF0CDA /* StarView.swift in Sources */ = {isa = PBXBuildFile; fileRef = 6B27FDA91BC859EE00CF0CDA /* StarView.swift */; settings = {ASSET_TAGS = (); }; };
		6B4C1C8C1BC80C8600745A34 /* AppDelegate.swift in Sources */ = {isa = PBXBuildFile; fileRef = 6B4C1C8B1BC80C8600745A34 /* AppDelegate.swift */; };
		6B4C1C911BC80C8600745A34 /* Main.storyboard in Resources */ = {isa = PBXBuildFile; fileRef = 6B4C1C8F1BC80C8600745A34 /* Main.storyboard */; };
		6B4C1C931BC80C8600745A34 /* Assets.xcassets in Resources */ = {isa = PBXBuildFile; fileRef = 6B4C1C921BC80C8600745A34 /* Assets.xcassets */; };
		6B4C1C961BC80C8600745A34 /* LaunchScreen.storyboard in Resources */ = {isa = PBXBuildFile; fileRef = 6B4C1C941BC80C8600745A34 /* LaunchScreen.storyboard */; };
/* End PBXBuildFile section */

/* Begin PBXFileReference section */
		6B27FD9B1BC8108400CF0CDA /* MainViewController.swift */ = {isa = PBXFileReference; fileEncoding = 4; lastKnownFileType = sourcecode.swift; path = MainViewController.swift; sourceTree = "<group>"; };
		6B27FD9D1BC8122900CF0CDA /* AddHack.storyboard */ = {isa = PBXFileReference; fileEncoding = 4; lastKnownFileType = file.storyboard; path = AddHack.storyboard; sourceTree = "<group>"; };
		6B27FD9F1BC8145900CF0CDA /* AddHackViewController.swift */ = {isa = PBXFileReference; fileEncoding = 4; lastKnownFileType = sourcecode.swift; path = AddHackViewController.swift; sourceTree = "<group>"; };
		6B27FDA11BC8166E00CF0CDA /* HackInspector.storyboard */ = {isa = PBXFileReference; fileEncoding = 4; lastKnownFileType = file.storyboard; path = HackInspector.storyboard; sourceTree = "<group>"; };
		6B27FDA31BC8169500CF0CDA /* HackInspectorViewController.swift */ = {isa = PBXFileReference; fileEncoding = 4; lastKnownFileType = sourcecode.swift; path = HackInspectorViewController.swift; sourceTree = "<group>"; };
		6B27FDA51BC81E7500CF0CDA /* StorageController.swift */ = {isa = PBXFileReference; fileEncoding = 4; lastKnownFileType = sourcecode.swift; path = StorageController.swift; sourceTree = "<group>"; };
		6B27FDA71BC8439A00CF0CDA /* Extensions.swift */ = {isa = PBXFileReference; fileEncoding = 4; lastKnownFileType = sourcecode.swift; path = Extensions.swift; sourceTree = "<group>"; };
		6B27FDA91BC859EE00CF0CDA /* StarView.swift */ = {isa = PBXFileReference; fileEncoding = 4; lastKnownFileType = sourcecode.swift; path = StarView.swift; sourceTree = "<group>"; };
		6B4C1C881BC80C8600745A34 /* Starry.app */ = {isa = PBXFileReference; explicitFileType = wrapper.application; includeInIndex = 0; path = Starry.app; sourceTree = BUILT_PRODUCTS_DIR; };
		6B4C1C8B1BC80C8600745A34 /* AppDelegate.swift */ = {isa = PBXFileReference; lastKnownFileType = sourcecode.swift; path = AppDelegate.swift; sourceTree = "<group>"; };
		6B4C1C901BC80C8600745A34 /* Base */ = {isa = PBXFileReference; lastKnownFileType = file.storyboard; name = Base; path = Base.lproj/Main.storyboard; sourceTree = "<group>"; };
		6B4C1C921BC80C8600745A34 /* Assets.xcassets */ = {isa = PBXFileReference; lastKnownFileType = folder.assetcatalog; path = Assets.xcassets; sourceTree = "<group>"; };
		6B4C1C951BC80C8600745A34 /* Base */ = {isa = PBXFileReference; lastKnownFileType = file.storyboard; name = Base; path = Base.lproj/LaunchScreen.storyboard; sourceTree = "<group>"; };
		6B4C1C971BC80C8600745A34 /* Info.plist */ = {isa = PBXFileReference; lastKnownFileType = text.plist.xml; path = Info.plist; sourceTree = "<group>"; };
/* End PBXFileReference section */

/* Begin PBXFrameworksBuildPhase section */
		6B4C1C851BC80C8600745A34 /* Frameworks */ = {
			isa = PBXFrameworksBuildPhase;
			buildActionMask = 2147483647;
			files = (
			);
			runOnlyForDeploymentPostprocessing = 0;
		};
/* End PBXFrameworksBuildPhase section */

/* Begin PBXGroup section */
		6B27FDAB1BC8674400CF0CDA /* Miscellaneous */ = {
			isa = PBXGroup;
			children = (
				6B4C1C8B1BC80C8600745A34 /* AppDelegate.swift */,
				6B4C1C921BC80C8600745A34 /* Assets.xcassets */,
				6B4C1C941BC80C8600745A34 /* LaunchScreen.storyboard */,
				6B4C1C971BC80C8600745A34 /* Info.plist */,
			);
			name = Miscellaneous;
			sourceTree = "<group>";
		};
		6B4C1C7F1BC80C8600745A34 = {
			isa = PBXGroup;
			children = (
				6B4C1C8A1BC80C8600745A34 /* Starry */,
				6B4C1C891BC80C8600745A34 /* Products */,
			);
			sourceTree = "<group>";
		};
		6B4C1C891BC80C8600745A34 /* Products */ = {
			isa = PBXGroup;
			children = (
				6B4C1C881BC80C8600745A34 /* Starry.app */,
			);
			name = Products;
			sourceTree = "<group>";
		};
		6B4C1C8A1BC80C8600745A34 /* Starry */ = {
			isa = PBXGroup;
			children = (
				6B27FDA91BC859EE00CF0CDA /* StarView.swift */,
				6B27FDA71BC8439A00CF0CDA /* Extensions.swift */,
				6B27FDA51BC81E7500CF0CDA /* StorageController.swift */,
				6B27FD9B1BC8108400CF0CDA /* MainViewController.swift */,
				6B27FD9F1BC8145900CF0CDA /* AddHackViewController.swift */,
				6B27FDA31BC8169500CF0CDA /* HackInspectorViewController.swift */,
				6B4C1C8F1BC80C8600745A34 /* Main.storyboard */,
				6B27FD9D1BC8122900CF0CDA /* AddHack.storyboard */,
				6B27FDA11BC8166E00CF0CDA /* HackInspector.storyboard */,
				6B27FDAB1BC8674400CF0CDA /* Miscellaneous */,
			);
			path = Starry;
			sourceTree = "<group>";
		};
/* End PBXGroup section */

/* Begin PBXNativeTarget section */
		6B4C1C871BC80C8600745A34 /* Starry */ = {
			isa = PBXNativeTarget;
			buildConfigurationList = 6B4C1C9A1BC80C8600745A34 /* Build configuration list for PBXNativeTarget "Starry" */;
			buildPhases = (
				6B4C1C841BC80C8600745A34 /* Sources */,
				6B4C1C851BC80C8600745A34 /* Frameworks */,
				6B4C1C861BC80C8600745A34 /* Resources */,
			);
			buildRules = (
			);
			dependencies = (
			);
			name = Starry;
			productName = Starry;
			productReference = 6B4C1C881BC80C8600745A34 /* Starry.app */;
			productType = "com.apple.product-type.application";
		};
/* End PBXNativeTarget section */

/* Begin PBXProject section */
		6B4C1C801BC80C8600745A34 /* Project object */ = {
			isa = PBXProject;
			attributes = {
				LastUpgradeCheck = 0700;
				ORGANIZATIONNAME = HackNC;
				TargetAttributes = {
					6B4C1C871BC80C8600745A34 = {
						CreatedOnToolsVersion = 7.0.1;
					};
				};
			};
			buildConfigurationList = 6B4C1C831BC80C8600745A34 /* Build configuration list for PBXProject "Starry" */;
			compatibilityVersion = "Xcode 3.2";
			developmentRegion = English;
			hasScannedForEncodings = 0;
			knownRegions = (
				en,
				Base,
			);
			mainGroup = 6B4C1C7F1BC80C8600745A34;
			productRefGroup = 6B4C1C891BC80C8600745A34 /* Products */;
			projectDirPath = "";
			projectRoot = "";
			targets = (
				6B4C1C871BC80C8600745A34 /* Starry */,
			);
		};
/* End PBXProject section */

/* Begin PBXResourcesBuildPhase section */
		6B4C1C861BC80C8600745A34 /* Resources */ = {
			isa = PBXResourcesBuildPhase;
			buildActionMask = 2147483647;
			files = (
				6B4C1C961BC80C8600745A34 /* LaunchScreen.storyboard in Resources */,
				6B27FD9E1BC8122900CF0CDA /* AddHack.storyboard in Resources */,
				6B27FDA21BC8166E00CF0CDA /* HackInspector.storyboard in Resources */,
				6B4C1C931BC80C8600745A34 /* Assets.xcassets in Resources */,
				6B4C1C911BC80C8600745A34 /* Main.storyboard in Resources */,
			);
			runOnlyForDeploymentPostprocessing = 0;
		};
/* End PBXResourcesBuildPhase section */

/* Begin PBXSourcesBuildPhase section */
		6B4C1C841BC80C8600745A34 /* Sources */ = {
			isa = PBXSourcesBuildPhase;
			buildActionMask = 2147483647;
			files = (
				6B27FDA01BC8145900CF0CDA /* AddHackViewController.swift in Sources */,
				6B27FDA81BC8439A00CF0CDA /* Extensions.swift in Sources */,
				6B4C1C8C1BC80C8600745A34 /* AppDelegate.swift in Sources */,
				6B27FD9C1BC8108400CF0CDA /* MainViewController.swift in Sources */,
				6B27FDA41BC8169500CF0CDA /* HackInspectorViewController.swift in Sources */,
				6B27FDAA1BC859EE00CF0CDA /* StarView.swift in Sources */,
				6B27FDA61BC81E7500CF0CDA /* StorageController.swift in Sources */,
			);
			runOnlyForDeploymentPostprocessing = 0;
		};
/* End PBXSourcesBuildPhase section */

/* Begin PBXVariantGroup section */
		6B4C1C8F1BC80C8600745A34 /* Main.storyboard */ = {
			isa = PBXVariantGroup;
			children = (
				6B4C1C901BC80C8600745A34 /* Base */,
			);
			name = Main.storyboard;
			sourceTree = "<group>";
		};
		6B4C1C941BC80C8600745A34 /* LaunchScreen.storyboard */ = {
			isa = PBXVariantGroup;
			children = (
				6B4C1C951BC80C8600745A34 /* Base */,
			);
			name = LaunchScreen.storyboard;
			sourceTree = "<group>";
		};
/* End PBXVariantGroup section */

/* Begin XCBuildConfiguration section */
		6B4C1C981BC80C8600745A34 /* Debug */ = {
			isa = XCBuildConfiguration;
			buildSettings = {
				ALWAYS_SEARCH_USER_PATHS = NO;
				CLANG_CXX_LANGUAGE_STANDARD = "gnu++0x";
				CLANG_CXX_LIBRARY = "libc++";
				CLANG_ENABLE_MODULES = YES;
				CLANG_ENABLE_OBJC_ARC = YES;
				CLANG_WARN_BOOL_CONVERSION = YES;
				CLANG_WARN_CONSTANT_CONVERSION = YES;
				CLANG_WARN_DIRECT_OBJC_ISA_USAGE = YES_ERROR;
				CLANG_WARN_EMPTY_BODY = YES;
				CLANG_WARN_ENUM_CONVERSION = YES;
				CLANG_WARN_INT_CONVERSION = YES;
				CLANG_WARN_OBJC_ROOT_CLASS = YES_ERROR;
				CLANG_WARN_UNREACHABLE_CODE = YES;
				CLANG_WARN__DUPLICATE_METHOD_MATCH = YES;
				"CODE_SIGN_IDENTITY[sdk=iphoneos*]" = "iPhone Developer";
				COPY_PHASE_STRIP = NO;
				DEBUG_INFORMATION_FORMAT = dwarf;
				ENABLE_STRICT_OBJC_MSGSEND = YES;
				ENABLE_TESTABILITY = YES;
				GCC_C_LANGUAGE_STANDARD = gnu99;
				GCC_DYNAMIC_NO_PIC = NO;
				GCC_NO_COMMON_BLOCKS = YES;
				GCC_OPTIMIZATION_LEVEL = 0;
				GCC_PREPROCESSOR_DEFINITIONS = (
					"DEBUG=1",
					"$(inherited)",
				);
				GCC_WARN_64_TO_32_BIT_CONVERSION = YES;
				GCC_WARN_ABOUT_RETURN_TYPE = YES_ERROR;
				GCC_WARN_UNDECLARED_SELECTOR = YES;
				GCC_WARN_UNINITIALIZED_AUTOS = YES_AGGRESSIVE;
				GCC_WARN_UNUSED_FUNCTION = YES;
				GCC_WARN_UNUSED_VARIABLE = YES;
				IPHONEOS_DEPLOYMENT_TARGET = 9.0;
				MTL_ENABLE_DEBUG_INFO = YES;
				ONLY_ACTIVE_ARCH = YES;
				SDKROOT = iphoneos;
				SWIFT_OPTIMIZATION_LEVEL = "-Onone";
			};
			name = Debug;
		};
		6B4C1C991BC80C8600745A34 /* Release */ = {
			isa = XCBuildConfiguration;
			buildSettings = {
				ALWAYS_SEARCH_USER_PATHS = NO;
				CLANG_CXX_LANGUAGE_STANDARD = "gnu++0x";
				CLANG_CXX_LIBRARY = "libc++";
				CLANG_ENABLE_MODULES = YES;
				CLANG_ENABLE_OBJC_ARC = YES;
				CLANG_WARN_BOOL_CONVERSION = YES;
				CLANG_WARN_CONSTANT_CONVERSION = YES;
				CLANG_WARN_DIRECT_OBJC_ISA_USAGE = YES_ERROR;
				CLANG_WARN_EMPTY_BODY = YES;
				CLANG_WARN_ENUM_CONVERSION = YES;
				CLANG_WARN_INT_CONVERSION = YES;
				CLANG_WARN_OBJC_ROOT_CLASS = YES_ERROR;
				CLANG_WARN_UNREACHABLE_CODE = YES;
				CLANG_WARN__DUPLICATE_METHOD_MATCH = YES;
				"CODE_SIGN_IDENTITY[sdk=iphoneos*]" = "iPhone Developer";
				COPY_PHASE_STRIP = NO;
				DEBUG_INFORMATION_FORMAT = "dwarf-with-dsym";
				ENABLE_NS_ASSERTIONS = NO;
				ENABLE_STRICT_OBJC_MSGSEND = YES;
				GCC_C_LANGUAGE_STANDARD = gnu99;
				GCC_NO_COMMON_BLOCKS = YES;
				GCC_WARN_64_TO_32_BIT_CONVERSION = YES;
				GCC_WARN_ABOUT_RETURN_TYPE = YES_ERROR;
				GCC_WARN_UNDECLARED_SELECTOR = YES;
				GCC_WARN_UNINITIALIZED_AUTOS = YES_AGGRESSIVE;
				GCC_WARN_UNUSED_FUNCTION = YES;
				GCC_WARN_UNUSED_VARIABLE = YES;
				IPHONEOS_DEPLOYMENT_TARGET = 9.0;
				MTL_ENABLE_DEBUG_INFO = NO;
				SDKROOT = iphoneos;
				VALIDATE_PRODUCT = YES;
			};
			name = Release;
		};
		6B4C1C9B1BC80C8600745A34 /* Debug */ = {
			isa = XCBuildConfiguration;
			buildSettings = {
				ASSETCATALOG_COMPILER_APPICON_NAME = AppIcon;
				INFOPLIST_FILE = Starry/Info.plist;
				LD_RUNPATH_SEARCH_PATHS = "$(inherited) @executable_path/Frameworks";
				PRODUCT_BUNDLE_IDENTIFIER = com.HackNC.Starry;
				PRODUCT_NAME = "$(TARGET_NAME)";
			};
			name = Debug;
		};
		6B4C1C9C1BC80C8600745A34 /* Release */ = {
			isa = XCBuildConfiguration;
			buildSettings = {
				ASSETCATALOG_COMPILER_APPICON_NAME = AppIcon;
				INFOPLIST_FILE = Starry/Info.plist;
				LD_RUNPATH_SEARCH_PATHS = "$(inherited) @executable_path/Frameworks";
				PRODUCT_BUNDLE_IDENTIFIER = com.HackNC.Starry;
				PRODUCT_NAME = "$(TARGET_NAME)";
			};
			name = Release;
		};
/* End XCBuildConfiguration section */

/* Begin XCConfigurationList section */
		6B4C1C831BC80C8600745A34 /* Build configuration list for PBXProject "Starry" */ = {
			isa = XCConfigurationList;
			buildConfigurations = (
				6B4C1C981BC80C8600745A34 /* Debug */,
				6B4C1C991BC80C8600745A34 /* Release */,
			);
			defaultConfigurationIsVisible = 0;
			defaultConfigurationName = Release;
		};
		6B4C1C9A1BC80C8600745A34 /* Build configuration list for PBXNativeTarget "Starry" */ = {
			isa = XCConfigurationList;
			buildConfigurations = (
				6B4C1C9B1BC80C8600745A34 /* Debug */,
				6B4C1C9C1BC80C8600745A34 /* Release */,
			);
			defaultConfigurationIsVisible = 0;
			defaultConfigurationName = Release;
		};
/* End XCConfigurationList section */
	};
	rootObject = 6B4C1C801BC80C8600745A34 /* Project object */;
}
